// !$*UTF8*$!
{
	archiveVersion = 1;
	classes = {
	};
	objectVersion = 48;
	objects = {

/* Begin PBXBuildFile section */
		E077E3CA2050835E002ED9CB /* AppDelegate.swift in Sources */ = {isa = PBXBuildFile; fileRef = E077E3C92050835E002ED9CB /* AppDelegate.swift */; };
		E077E3CC2050835E002ED9CB /* ViewController.swift in Sources */ = {isa = PBXBuildFile; fileRef = E077E3CB2050835E002ED9CB /* ViewController.swift */; };
		E077E3CF2050835E002ED9CB /* Main.storyboard in Resources */ = {isa = PBXBuildFile; fileRef = E077E3CD2050835E002ED9CB /* Main.storyboard */; };
		E077E3D12050835E002ED9CB /* Assets.xcassets in Resources */ = {isa = PBXBuildFile; fileRef = E077E3D02050835E002ED9CB /* Assets.xcassets */; };
		E077E3D42050835E002ED9CB /* LaunchScreen.storyboard in Resources */ = {isa = PBXBuildFile; fileRef = E077E3D22050835E002ED9CB /* LaunchScreen.storyboard */; };
		E077E3DF2050835E002ED9CB /* iOSQuizTests.swift in Sources */ = {isa = PBXBuildFile; fileRef = E077E3DE2050835E002ED9CB /* iOSQuizTests.swift */; };
		E077E3EA2050835E002ED9CB /* iOSQuizUITests.swift in Sources */ = {isa = PBXBuildFile; fileRef = E077E3E92050835E002ED9CB /* iOSQuizUITests.swift */; };
/* End PBXBuildFile section */

/* Begin PBXContainerItemProxy section */
		E077E3DB2050835E002ED9CB /* PBXContainerItemProxy */ = {
			isa = PBXContainerItemProxy;
			containerPortal = E077E3BE2050835E002ED9CB /* Project object */;
			proxyType = 1;
			remoteGlobalIDString = E077E3C52050835E002ED9CB;
			remoteInfo = iOSQuiz;
		};
		E077E3E62050835E002ED9CB /* PBXContainerItemProxy */ = {
			isa = PBXContainerItemProxy;
			containerPortal = E077E3BE2050835E002ED9CB /* Project object */;
			proxyType = 1;
			remoteGlobalIDString = E077E3C52050835E002ED9CB;
			remoteInfo = iOSQuiz;
		};
/* End PBXContainerItemProxy section */

/* Begin PBXFileReference section */
		E077E3C62050835E002ED9CB /* iOSQuiz.app */ = {isa = PBXFileReference; explicitFileType = wrapper.application; includeInIndex = 0; path = iOSQuiz.app; sourceTree = BUILT_PRODUCTS_DIR; };
		E077E3C92050835E002ED9CB /* AppDelegate.swift */ = {isa = PBXFileReference; lastKnownFileType = sourcecode.swift; path = AppDelegate.swift; sourceTree = "<group>"; };
		E077E3CB2050835E002ED9CB /* ViewController.swift */ = {isa = PBXFileReference; lastKnownFileType = sourcecode.swift; path = ViewController.swift; sourceTree = "<group>"; };
		E077E3CE2050835E002ED9CB /* Base */ = {isa = PBXFileReference; lastKnownFileType = file.storyboard; name = Base; path = Base.lproj/Main.storyboard; sourceTree = "<group>"; };
		E077E3D02050835E002ED9CB /* Assets.xcassets */ = {isa = PBXFileReference; lastKnownFileType = folder.assetcatalog; path = Assets.xcassets; sourceTree = "<group>"; };
		E077E3D32050835E002ED9CB /* Base */ = {isa = PBXFileReference; lastKnownFileType = file.storyboard; name = Base; path = Base.lproj/LaunchScreen.storyboard; sourceTree = "<group>"; };
		E077E3D52050835E002ED9CB /* Info.plist */ = {isa = PBXFileReference; lastKnownFileType = text.plist.xml; path = Info.plist; sourceTree = "<group>"; };
		E077E3DA2050835E002ED9CB /* iOSQuizTests.xctest */ = {isa = PBXFileReference; explicitFileType = wrapper.cfbundle; includeInIndex = 0; path = iOSQuizTests.xctest; sourceTree = BUILT_PRODUCTS_DIR; };
		E077E3DE2050835E002ED9CB /* iOSQuizTests.swift */ = {isa = PBXFileReference; lastKnownFileType = sourcecode.swift; path = iOSQuizTests.swift; sourceTree = "<group>"; };
		E077E3E02050835E002ED9CB /* Info.plist */ = {isa = PBXFileReference; lastKnownFileType = text.plist.xml; path = Info.plist; sourceTree = "<group>"; };
		E077E3E52050835E002ED9CB /* iOSQuizUITests.xctest */ = {isa = PBXFileReference; explicitFileType = wrapper.cfbundle; includeInIndex = 0; path = iOSQuizUITests.xctest; sourceTree = BUILT_PRODUCTS_DIR; };
		E077E3E92050835E002ED9CB /* iOSQuizUITests.swift */ = {isa = PBXFileReference; lastKnownFileType = sourcecode.swift; path = iOSQuizUITests.swift; sourceTree = "<group>"; };
		E077E3EB2050835E002ED9CB /* Info.plist */ = {isa = PBXFileReference; lastKnownFileType = text.plist.xml; path = Info.plist; sourceTree = "<group>"; };
/* End PBXFileReference section */

/* Begin PBXFrameworksBuildPhase section */
		E077E3C32050835E002ED9CB /* Frameworks */ = {
			isa = PBXFrameworksBuildPhase;
			buildActionMask = 2147483647;
			files = (
			);
			runOnlyForDeploymentPostprocessing = 0;
		};
		E077E3D72050835E002ED9CB /* Frameworks */ = {
			isa = PBXFrameworksBuildPhase;
			buildActionMask = 2147483647;
			files = (
			);
			runOnlyForDeploymentPostprocessing = 0;
		};
		E077E3E22050835E002ED9CB /* Frameworks */ = {
			isa = PBXFrameworksBuildPhase;
			buildActionMask = 2147483647;
			files = (
			);
			runOnlyForDeploymentPostprocessing = 0;
		};
/* End PBXFrameworksBuildPhase section */

/* Begin PBXGroup section */
		E077E3BD2050835E002ED9CB = {
			isa = PBXGroup;
			children = (
				E077E3C82050835E002ED9CB /* iOSQuiz */,
				E077E3DD2050835E002ED9CB /* iOSQuizTests */,
				E077E3E82050835E002ED9CB /* iOSQuizUITests */,
				E077E3C72050835E002ED9CB /* Products */,
			);
			sourceTree = "<group>";
		};
		E077E3C72050835E002ED9CB /* Products */ = {
			isa = PBXGroup;
			children = (
				E077E3C62050835E002ED9CB /* iOSQuiz.app */,
				E077E3DA2050835E002ED9CB /* iOSQuizTests.xctest */,
				E077E3E52050835E002ED9CB /* iOSQuizUITests.xctest */,
			);
			name = Products;
			sourceTree = "<group>";
		};
		E077E3C82050835E002ED9CB /* iOSQuiz */ = {
			isa = PBXGroup;
			children = (
				E077E3C92050835E002ED9CB /* AppDelegate.swift */,
				E077E3CB2050835E002ED9CB /* ViewController.swift */,
				E077E3CD2050835E002ED9CB /* Main.storyboard */,
				E077E3D02050835E002ED9CB /* Assets.xcassets */,
				E077E3D22050835E002ED9CB /* LaunchScreen.storyboard */,
				E077E3D52050835E002ED9CB /* Info.plist */,
			);
			path = iOSQuiz;
			sourceTree = "<group>";
		};
		E077E3DD2050835E002ED9CB /* iOSQuizTests */ = {
			isa = PBXGroup;
			children = (
				E077E3DE2050835E002ED9CB /* iOSQuizTests.swift */,
				E077E3E02050835E002ED9CB /* Info.plist */,
			);
			path = iOSQuizTests;
			sourceTree = "<group>";
		};
		E077E3E82050835E002ED9CB /* iOSQuizUITests */ = {
			isa = PBXGroup;
			children = (
				E077E3E92050835E002ED9CB /* iOSQuizUITests.swift */,
				E077E3EB2050835E002ED9CB /* Info.plist */,
			);
			path = iOSQuizUITests;
			sourceTree = "<group>";
		};
/* End PBXGroup section */

/* Begin PBXNativeTarget section */
		E077E3C52050835E002ED9CB /* iOSQuiz */ = {
			isa = PBXNativeTarget;
			buildConfigurationList = E077E3EE2050835E002ED9CB /* Build configuration list for PBXNativeTarget "iOSQuiz" */;
			buildPhases = (
				E077E3C22050835E002ED9CB /* Sources */,
				E077E3C32050835E002ED9CB /* Frameworks */,
				E077E3C42050835E002ED9CB /* Resources */,
			);
			buildRules = (
			);
			dependencies = (
			);
			name = iOSQuiz;
			productName = iOSQuiz;
			productReference = E077E3C62050835E002ED9CB /* iOSQuiz.app */;
			productType = "com.apple.product-type.application";
		};
		E077E3D92050835E002ED9CB /* iOSQuizTests */ = {
			isa = PBXNativeTarget;
			buildConfigurationList = E077E3F12050835E002ED9CB /* Build configuration list for PBXNativeTarget "iOSQuizTests" */;
			buildPhases = (
				E077E3D62050835E002ED9CB /* Sources */,
				E077E3D72050835E002ED9CB /* Frameworks */,
				E077E3D82050835E002ED9CB /* Resources */,
			);
			buildRules = (
			);
			dependencies = (
				E077E3DC2050835E002ED9CB /* PBXTargetDependency */,
			);
			name = iOSQuizTests;
			productName = iOSQuizTests;
			productReference = E077E3DA2050835E002ED9CB /* iOSQuizTests.xctest */;
			productType = "com.apple.product-type.bundle.unit-test";
		};
		E077E3E42050835E002ED9CB /* iOSQuizUITests */ = {
			isa = PBXNativeTarget;
			buildConfigurationList = E077E3F42050835E002ED9CB /* Build configuration list for PBXNativeTarget "iOSQuizUITests" */;
			buildPhases = (
				E077E3E12050835E002ED9CB /* Sources */,
				E077E3E22050835E002ED9CB /* Frameworks */,
				E077E3E32050835E002ED9CB /* Resources */,
			);
			buildRules = (
			);
			dependencies = (
				E077E3E72050835E002ED9CB /* PBXTargetDependency */,
			);
			name = iOSQuizUITests;
			productName = iOSQuizUITests;
			productReference = E077E3E52050835E002ED9CB /* iOSQuizUITests.xctest */;
			productType = "com.apple.product-type.bundle.ui-testing";
		};
/* End PBXNativeTarget section */

/* Begin PBXProject section */
		E077E3BE2050835E002ED9CB /* Project object */ = {
			isa = PBXProject;
			attributes = {
				LastSwiftUpdateCheck = 0920;
				LastUpgradeCheck = 0920;
				ORGANIZATIONNAME = "Natalie Nuno";
				TargetAttributes = {
					E077E3C52050835E002ED9CB = {
						CreatedOnToolsVersion = 9.2;
						ProvisioningStyle = Automatic;
					};
					E077E3D92050835E002ED9CB = {
						CreatedOnToolsVersion = 9.2;
						ProvisioningStyle = Automatic;
						TestTargetID = E077E3C52050835E002ED9CB;
					};
					E077E3E42050835E002ED9CB = {
						CreatedOnToolsVersion = 9.2;
						ProvisioningStyle = Automatic;
						TestTargetID = E077E3C52050835E002ED9CB;
					};
				};
			};
			buildConfigurationList = E077E3C12050835E002ED9CB /* Build configuration list for PBXProject "iOSQuiz" */;
			compatibilityVersion = "Xcode 8.0";
			developmentRegion = en;
			hasScannedForEncodings = 0;
			knownRegions = (
				en,
				Base,
			);
			mainGroup = E077E3BD2050835E002ED9CB;
			productRefGroup = E077E3C72050835E002ED9CB /* Products */;
			projectDirPath = "";
			projectRoot = "";
			targets = (
				E077E3C52050835E002ED9CB /* iOSQuiz */,
				E077E3D92050835E002ED9CB /* iOSQuizTests */,
				E077E3E42050835E002ED9CB /* iOSQuizUITests */,
			);
		};
/* End PBXProject section */

/* Begin PBXResourcesBuildPhase section */
		E077E3C42050835E002ED9CB /* Resources */ = {
			isa = PBXResourcesBuildPhase;
			buildActionMask = 2147483647;
			files = (
				E077E3D42050835E002ED9CB /* LaunchScreen.storyboard in Resources */,
				E077E3D12050835E002ED9CB /* Assets.xcassets in Resources */,
				E077E3CF2050835E002ED9CB /* Main.storyboard in Resources */,
			);
			runOnlyForDeploymentPostprocessing = 0;
		};
		E077E3D82050835E002ED9CB /* Resources */ = {
			isa = PBXResourcesBuildPhase;
			buildActionMask = 2147483647;
			files = (
			);
			runOnlyForDeploymentPostprocessing = 0;
		};
		E077E3E32050835E002ED9CB /* Resources */ = {
			isa = PBXResourcesBuildPhase;
			buildActionMask = 2147483647;
			files = (
			);
			runOnlyForDeploymentPostprocessing = 0;
		};
/* End PBXResourcesBuildPhase section */

/* Begin PBXSourcesBuildPhase section */
		E077E3C22050835E002ED9CB /* Sources */ = {
			isa = PBXSourcesBuildPhase;
			buildActionMask = 2147483647;
			files = (
				E077E3CC2050835E002ED9CB /* ViewController.swift in Sources */,
				E077E3CA2050835E002ED9CB /* AppDelegate.swift in Sources */,
			);
			runOnlyForDeploymentPostprocessing = 0;
		};
		E077E3D62050835E002ED9CB /* Sources */ = {
			isa = PBXSourcesBuildPhase;
			buildActionMask = 2147483647;
			files = (
				E077E3DF2050835E002ED9CB /* iOSQuizTests.swift in Sources */,
			);
			runOnlyForDeploymentPostprocessing = 0;
		};
		E077E3E12050835E002ED9CB /* Sources */ = {
			isa = PBXSourcesBuildPhase;
			buildActionMask = 2147483647;
			files = (
				E077E3EA2050835E002ED9CB /* iOSQuizUITests.swift in Sources */,
			);
			runOnlyForDeploymentPostprocessing = 0;
		};
/* End PBXSourcesBuildPhase section */

/* Begin PBXTargetDependency section */
		E077E3DC2050835E002ED9CB /* PBXTargetDependency */ = {
			isa = PBXTargetDependency;
			target = E077E3C52050835E002ED9CB /* iOSQuiz */;
			targetProxy = E077E3DB2050835E002ED9CB /* PBXContainerItemProxy */;
		};
		E077E3E72050835E002ED9CB /* PBXTargetDependency */ = {
			isa = PBXTargetDependency;
			target = E077E3C52050835E002ED9CB /* iOSQuiz */;
			targetProxy = E077E3E62050835E002ED9CB /* PBXContainerItemProxy */;
		};
/* End PBXTargetDependency section */

/* Begin PBXVariantGroup section */
		E077E3CD2050835E002ED9CB /* Main.storyboard */ = {
			isa = PBXVariantGroup;
			children = (
				E077E3CE2050835E002ED9CB /* Base */,
			);
			name = Main.storyboard;
			sourceTree = "<group>";
		};
		E077E3D22050835E002ED9CB /* LaunchScreen.storyboard */ = {
			isa = PBXVariantGroup;
			children = (
				E077E3D32050835E002ED9CB /* Base */,
			);
			name = LaunchScreen.storyboard;
			sourceTree = "<group>";
		};
/* End PBXVariantGroup section */

/* Begin XCBuildConfiguration section */
		E077E3EC2050835E002ED9CB /* Debug */ = {
			isa = XCBuildConfiguration;
			buildSettings = {
				ALWAYS_SEARCH_USER_PATHS = NO;
				CLANG_ANALYZER_NONNULL = YES;
				CLANG_ANALYZER_NUMBER_OBJECT_CONVERSION = YES_AGGRESSIVE;
				CLANG_CXX_LANGUAGE_STANDARD = "gnu++14";
				CLANG_CXX_LIBRARY = "libc++";
				CLANG_ENABLE_MODULES = YES;
				CLANG_ENABLE_OBJC_ARC = YES;
				CLANG_WARN_BLOCK_CAPTURE_AUTORELEASING = YES;
				CLANG_WARN_BOOL_CONVERSION = YES;
				CLANG_WARN_COMMA = YES;
				CLANG_WARN_CONSTANT_CONVERSION = YES;
				CLANG_WARN_DIRECT_OBJC_ISA_USAGE = YES_ERROR;
				CLANG_WARN_DOCUMENTATION_COMMENTS = YES;
				CLANG_WARN_EMPTY_BODY = YES;
				CLANG_WARN_ENUM_CONVERSION = YES;
				CLANG_WARN_INFINITE_RECURSION = YES;
				CLANG_WARN_INT_CONVERSION = YES;
				CLANG_WARN_NON_LITERAL_NULL_CONVERSION = YES;
				CLANG_WARN_OBJC_LITERAL_CONVERSION = YES;
				CLANG_WARN_OBJC_ROOT_CLASS = YES_ERROR;
				CLANG_WARN_RANGE_LOOP_ANALYSIS = YES;
				CLANG_WARN_STRICT_PROTOTYPES = YES;
				CLANG_WARN_SUSPICIOUS_MOVE = YES;
				CLANG_WARN_UNGUARDED_AVAILABILITY = YES_AGGRESSIVE;
				CLANG_WARN_UNREACHABLE_CODE = YES;
				CLANG_WARN__DUPLICATE_METHOD_MATCH = YES;
				CODE_SIGN_IDENTITY = "iPhone Developer";
				COPY_PHASE_STRIP = NO;
				DEBUG_INFORMATION_FORMAT = dwarf;
				ENABLE_STRICT_OBJC_MSGSEND = YES;
				ENABLE_TESTABILITY = YES;
				GCC_C_LANGUAGE_STANDARD = gnu11;
				GCC_DYNAMIC_NO_PIC = NO;
				GCC_NO_COMMON_BLOCKS = YES;
				GCC_OPTIMIZATION_LEVEL = 0;
				GCC_PREPROCESSOR_DEFINITIONS = (
					"DEBUG=1",
					"$(inherited)",
				);
				GCC_WARN_64_TO_32_BIT_CONVERSION = YES;
				GCC_WARN_ABOUT_RETURN_TYPE = YES_ERROR;
				GCC_WARN_UNDECLARED_SELECTOR = YES;
				GCC_WARN_UNINITIALIZED_AUTOS = YES_AGGRESSIVE;
				GCC_WARN_UNUSED_FUNCTION = YES;
				GCC_WARN_UNUSED_VARIABLE = YES;
				IPHONEOS_DEPLOYMENT_TARGET = 11.2;
				MTL_ENABLE_DEBUG_INFO = YES;
				ONLY_ACTIVE_ARCH = YES;
				SDKROOT = iphoneos;
				SWIFT_ACTIVE_COMPILATION_CONDITIONS = DEBUG;
				SWIFT_OPTIMIZATION_LEVEL = "-Onone";
			};
			name = Debug;
		};
		E077E3ED2050835E002ED9CB /* Release */ = {
			isa = XCBuildConfiguration;
			buildSettings = {
				ALWAYS_SEARCH_USER_PATHS = NO;
				CLANG_ANALYZER_NONNULL = YES;
				CLANG_ANALYZER_NUMBER_OBJECT_CONVERSION = YES_AGGRESSIVE;
				CLANG_CXX_LANGUAGE_STANDARD = "gnu++14";
				CLANG_CXX_LIBRARY = "libc++";
				CLANG_ENABLE_MODULES = YES;
				CLANG_ENABLE_OBJC_ARC = YES;
				CLANG_WARN_BLOCK_CAPTURE_AUTORELEASING = YES;
				CLANG_WARN_BOOL_CONVERSION = YES;
				CLANG_WARN_COMMA = YES;
				CLANG_WARN_CONSTANT_CONVERSION = YES;
				CLANG_WARN_DIRECT_OBJC_ISA_USAGE = YES_ERROR;
				CLANG_WARN_DOCUMENTATION_COMMENTS = YES;
				CLANG_WARN_EMPTY_BODY = YES;
				CLANG_WARN_ENUM_CONVERSION = YES;
				CLANG_WARN_INFINITE_RECURSION = YES;
				CLANG_WARN_INT_CONVERSION = YES;
				CLANG_WARN_NON_LITERAL_NULL_CONVERSION = YES;
				CLANG_WARN_OBJC_LITERAL_CONVERSION = YES;
				CLANG_WARN_OBJC_ROOT_CLASS = YES_ERROR;
				CLANG_WARN_RANGE_LOOP_ANALYSIS = YES;
				CLANG_WARN_STRICT_PROTOTYPES = YES;
				CLANG_WARN_SUSPICIOUS_MOVE = YES;
				CLANG_WARN_UNGUARDED_AVAILABILITY = YES_AGGRESSIVE;
				CLANG_WARN_UNREACHABLE_CODE = YES;
				CLANG_WARN__DUPLICATE_METHOD_MATCH = YES;
				CODE_SIGN_IDENTITY = "iPhone Developer";
				COPY_PHASE_STRIP = NO;
				DEBUG_INFORMATION_FORMAT = "dwarf-with-dsym";
				ENABLE_NS_ASSERTIONS = NO;
				ENABLE_STRICT_OBJC_MSGSEND = YES;
				GCC_C_LANGUAGE_STANDARD = gnu11;
				GCC_NO_COMMON_BLOCKS = YES;
				GCC_WARN_64_TO_32_BIT_CONVERSION = YES;
				GCC_WARN_ABOUT_RETURN_TYPE = YES_ERROR;
				GCC_WARN_UNDECLARED_SELECTOR = YES;
				GCC_WARN_UNINITIALIZED_AUTOS = YES_AGGRESSIVE;
				GCC_WARN_UNUSED_FUNCTION = YES;
				GCC_WARN_UNUSED_VARIABLE = YES;
				IPHONEOS_DEPLOYMENT_TARGET = 11.2;
				MTL_ENABLE_DEBUG_INFO = NO;
				SDKROOT = iphoneos;
				SWIFT_OPTIMIZATION_LEVEL = "-Owholemodule";
				VALIDATE_PRODUCT = YES;
			};
			name = Release;
		};
		E077E3EF2050835E002ED9CB /* Debug */ = {
			isa = XCBuildConfiguration;
			buildSettings = {
				ASSETCATALOG_COMPILER_APPICON_NAME = AppIcon;
				CODE_SIGN_STYLE = Automatic;
				INFOPLIST_FILE = iOSQuiz/Info.plist;
				LD_RUNPATH_SEARCH_PATHS = "$(inherited) @executable_path/Frameworks";
				PRODUCT_BUNDLE_IDENTIFIER = com.natalie.iOSQuiz;
				PRODUCT_NAME = "$(TARGET_NAME)";
				SWIFT_VERSION = 4.0;
				TARGETED_DEVICE_FAMILY = "1,2";
			};
			name = Debug;
		};
		E077E3F02050835E002ED9CB /* Release */ = {
			isa = XCBuildConfiguration;
			buildSettings = {
				ASSETCATALOG_COMPILER_APPICON_NAME = AppIcon;
				CODE_SIGN_STYLE = Automatic;
				INFOPLIST_FILE = iOSQuiz/Info.plist;
				LD_RUNPATH_SEARCH_PATHS = "$(inherited) @executable_path/Frameworks";
				PRODUCT_BUNDLE_IDENTIFIER = com.natalie.iOSQuiz;
				PRODUCT_NAME = "$(TARGET_NAME)";
				SWIFT_VERSION = 4.0;
				TARGETED_DEVICE_FAMILY = "1,2";
			};
			name = Release;
		};
		E077E3F22050835E002ED9CB /* Debug */ = {
			isa = XCBuildConfiguration;
			buildSettings = {
				ALWAYS_EMBED_SWIFT_STANDARD_LIBRARIES = YES;
				BUNDLE_LOADER = "$(TEST_HOST)";
				CODE_SIGN_STYLE = Automatic;
				INFOPLIST_FILE = iOSQuizTests/Info.plist;
				LD_RUNPATH_SEARCH_PATHS = "$(inherited) @executable_path/Frameworks @loader_path/Frameworks";
				PRODUCT_BUNDLE_IDENTIFIER = com.natalie.iOSQuizTests;
				PRODUCT_NAME = "$(TARGET_NAME)";
				SWIFT_VERSION = 4.0;
				TARGETED_DEVICE_FAMILY = "1,2";
				TEST_HOST = "$(BUILT_PRODUCTS_DIR)/iOSQuiz.app/iOSQuiz";
			};
			name = Debug;
		};
		E077E3F32050835E002ED9CB /* Release */ = {
			isa = XCBuildConfiguration;
			buildSettings = {
				ALWAYS_EMBED_SWIFT_STANDARD_LIBRARIES = YES;
				BUNDLE_LOADER = "$(TEST_HOST)";
				CODE_SIGN_STYLE = Automatic;
				INFOPLIST_FILE = iOSQuizTests/Info.plist;
				LD_RUNPATH_SEARCH_PATHS = "$(inherited) @executable_path/Frameworks @loader_path/Frameworks";
				PRODUCT_BUNDLE_IDENTIFIER = com.natalie.iOSQuizTests;
				PRODUCT_NAME = "$(TARGET_NAME)";
				SWIFT_VERSION = 4.0;
				TARGETED_DEVICE_FAMILY = "1,2";
				TEST_HOST = "$(BUILT_PRODUCTS_DIR)/iOSQuiz.app/iOSQuiz";
			};
			name = Release;
		};
		E077E3F52050835E002ED9CB /* Debug */ = {
			isa = XCBuildConfiguration;
			buildSettings = {
				ALWAYS_EMBED_SWIFT_STANDARD_LIBRARIES = YES;
				CODE_SIGN_STYLE = Automatic;
				INFOPLIST_FILE = iOSQuizUITests/Info.plist;
				LD_RUNPATH_SEARCH_PATHS = "$(inherited) @executable_path/Frameworks @loader_path/Frameworks";
				PRODUCT_BUNDLE_IDENTIFIER = com.natalie.iOSQuizUITests;
				PRODUCT_NAME = "$(TARGET_NAME)";
				SWIFT_VERSION = 4.0;
				TARGETED_DEVICE_FAMILY = "1,2";
				TEST_TARGET_NAME = iOSQuiz;
			};
			name = Debug;
		};
		E077E3F62050835E002ED9CB /* Release */ = {
			isa = XCBuildConfiguration;
			buildSettings = {
				ALWAYS_EMBED_SWIFT_STANDARD_LIBRARIES = YES;
				CODE_SIGN_STYLE = Automatic;
				INFOPLIST_FILE = iOSQuizUITests/Info.plist;
				LD_RUNPATH_SEARCH_PATHS = "$(inherited) @executable_path/Frameworks @loader_path/Frameworks";
				PRODUCT_BUNDLE_IDENTIFIER = com.natalie.iOSQuizUITests;
				PRODUCT_NAME = "$(TARGET_NAME)";
				SWIFT_VERSION = 4.0;
				TARGETED_DEVICE_FAMILY = "1,2";
				TEST_TARGET_NAME = iOSQuiz;
			};
			name = Release;
		};
/* End XCBuildConfiguration section */

/* Begin XCConfigurationList section */
		E077E3C12050835E002ED9CB /* Build configuration list for PBXProject "iOSQuiz" */ = {
			isa = XCConfigurationList;
			buildConfigurations = (
				E077E3EC2050835E002ED9CB /* Debug */,
				E077E3ED2050835E002ED9CB /* Release */,
			);
			defaultConfigurationIsVisible = 0;
			defaultConfigurationName = Release;
		};
		E077E3EE2050835E002ED9CB /* Build configuration list for PBXNativeTarget "iOSQuiz" */ = {
			isa = XCConfigurationList;
			buildConfigurations = (
				E077E3EF2050835E002ED9CB /* Debug */,
				E077E3F02050835E002ED9CB /* Release */,
			);
			defaultConfigurationIsVisible = 0;
			defaultConfigurationName = Release;
		};
		E077E3F12050835E002ED9CB /* Build configuration list for PBXNativeTarget "iOSQuizTests" */ = {
			isa = XCConfigurationList;
			buildConfigurations = (
				E077E3F22050835E002ED9CB /* Debug */,
				E077E3F32050835E002ED9CB /* Release */,
			);
			defaultConfigurationIsVisible = 0;
			defaultConfigurationName = Release;
		};
		E077E3F42050835E002ED9CB /* Build configuration list for PBXNativeTarget "iOSQuizUITests" */ = {
			isa = XCConfigurationList;
			buildConfigurations = (
				E077E3F52050835E002ED9CB /* Debug */,
				E077E3F62050835E002ED9CB /* Release */,
			);
			defaultConfigurationIsVisible = 0;
			defaultConfigurationName = Release;
		};
/* End XCConfigurationList section */
	};
	rootObject = E077E3BE2050835E002ED9CB /* Project object */;
}
